PODS:
  - cronet (0.0.3):
    - Cronet (~> 86.0.4240.93)
    - Flutter
  - Cronet (86.0.4240.93)
  - Flutter (1.0.0)

DEPENDENCIES:
  - cronet (from `.symlinks/plugins/cronet/ios`)
  - Flutter (from `Flutter`)

SPEC REPOS:
  trunk:
    - Cronet

EXTERNAL SOURCES:
  cronet:
    :path: ".symlinks/plugins/cronet/ios"
  Flutter:
    :path: Flutter

SPEC CHECKSUMS:
  Cronet: 393245d1d0e75276f55cf7294cd03d09324d8441
  cronet: 1ba53d4d5669f46c6c3a344425c3c04fb4b90436
  Flutter: 50d75fe2f02b26cc09d224853bb45737f8b3214a

PODFILE CHECKSUM: 610f0ceba999022c7002d788d863e7dbaec46ac1

COCOAPODS: 1.11.3
